
Microsoft Visual Studio Solution File, Format Version 12.00
# Visual Studio Version 16
VisualStudioVersion = 16.0.29926.136
MinimumVisualStudioVersion = 10.0.40219.1
Project("{FAE04EC0-301F-11D3-BF4B-00C04F79EFBC}") = "GAG-101", "GAG-101.csproj", "{2FE5EB07-F8EF-4256-B790-2DB4865DFA57}"
EndProject
Global
	GlobalSection(SolutionConfigurationPlatforms) = preSolution
		Debug|Any CPU = Debug|Any CPU
		Release|Any CPU = Release|Any CPU
	EndGlobalSection
	GlobalSection(ProjectConfigurationPlatforms) = postSolution
		{2FE5EB07-F8EF-4256-B790-2DB4865DFA57}.Debug|Any CPU.ActiveCfg = Debug|Any CPU
		{2FE5EB07-F8EF-4256-B790-2DB4865DFA57}.Debug|Any CPU.Build.0 = Debug|Any CPU
		{2FE5EB07-F8EF-4256-B790-2DB4865DFA57}.Release|Any CPU.ActiveCfg = Release|Any CPU
		{2FE5EB07-F8EF-4256-B790-2DB4865DFA57}.Release|Any CPU.Build.0 = Release|Any CPU
	EndGlobalSection
	GlobalSection(SolutionProperties) = preSolution
		HideSolutionNode = FALSE
	EndGlobalSection
	GlobalSection(ExtensibilityGlobals) = postSolution
		SolutionGuid = {75EA9F9F-4554-4E43-9A91-AC2E4642BF83}
	EndGlobalSection
EndGlobal
